
Microsoft Visual Studio Solution File, Format Version 12.00
# Visual Studio Version 17
VisualStudioVersion = 17.11.35222.181
MinimumVisualStudioVersion = 10.0.40219.1
Project("{FAE04EC0-301F-11D3-BF4B-00C04F79EFBC}") = "halamanUtamaVendor", "halamanUtamaVendor.csproj", "{90CC9FBA-6A3F-4897-B1BE-A9BF22EE32C1}"
EndProject
Global
	GlobalSection(SolutionConfigurationPlatforms) = preSolution
		Debug|Any CPU = Debug|Any CPU
		Release|Any CPU = Release|Any CPU
	EndGlobalSection
	GlobalSection(ProjectConfigurationPlatforms) = postSolution
		{90CC9FBA-6A3F-4897-B1BE-A9BF22EE32C1}.Debug|Any CPU.ActiveCfg = Debug|Any CPU
		{90CC9FBA-6A3F-4897-B1BE-A9BF22EE32C1}.Debug|Any CPU.Build.0 = Debug|Any CPU
		{90CC9FBA-6A3F-4897-B1BE-A9BF22EE32C1}.Release|Any CPU.ActiveCfg = Release|Any CPU
		{90CC9FBA-6A3F-4897-B1BE-A9BF22EE32C1}.Release|Any CPU.Build.0 = Release|Any CPU
	EndGlobalSection
	GlobalSection(SolutionProperties) = preSolution
		HideSolutionNode = FALSE
	EndGlobalSection
	GlobalSection(ExtensibilityGlobals) = postSolution
		SolutionGuid = {EA6DE813-135E-42C2-B33E-E025082A0521}
	EndGlobalSection
EndGlobal
